
Microsoft Visual Studio Solution File, Format Version 12.00
# Visual Studio 15
VisualStudioVersion = 15.0.28010.2041
MinimumVisualStudioVersion = 10.0.40219.1
Project("{FAE04EC0-301F-11D3-BF4B-00C04F79EFBC}") = "Todana", "Todana\Todana.csproj", "{0C698069-738B-41CC-BB16-C75A7A138A68}"
EndProject
Project("{FAE04EC0-301F-11D3-BF4B-00C04F79EFBC}") = "TodanaTest", "Todana.Tests\TodanaTest.csproj", "{83D58BAE-E98A-4B79-9D4A-3648ABFE0164}"
EndProject
Project("{E53339B2-1760-4266-BCC7-CA923CBCF16C}") = "docker-compose", "docker-compose.dcproj", "{59BBBAE2-4BCE-45AE-96B0-F59DFA24BEB7}"
EndProject
Global
	GlobalSection(SolutionConfigurationPlatforms) = preSolution
		Debug|Any CPU = Debug|Any CPU
		Release|Any CPU = Release|Any CPU
	EndGlobalSection
	GlobalSection(ProjectConfigurationPlatforms) = postSolution
		{0C698069-738B-41CC-BB16-C75A7A138A68}.Debug|Any CPU.ActiveCfg = Debug|Any CPU
		{0C698069-738B-41CC-BB16-C75A7A138A68}.Debug|Any CPU.Build.0 = Debug|Any CPU
		{0C698069-738B-41CC-BB16-C75A7A138A68}.Release|Any CPU.ActiveCfg = Release|Any CPU
		{0C698069-738B-41CC-BB16-C75A7A138A68}.Release|Any CPU.Build.0 = Release|Any CPU
		{83D58BAE-E98A-4B79-9D4A-3648ABFE0164}.Debug|Any CPU.ActiveCfg = Debug|Any CPU
		{83D58BAE-E98A-4B79-9D4A-3648ABFE0164}.Debug|Any CPU.Build.0 = Debug|Any CPU
		{83D58BAE-E98A-4B79-9D4A-3648ABFE0164}.Release|Any CPU.ActiveCfg = Release|Any CPU
		{83D58BAE-E98A-4B79-9D4A-3648ABFE0164}.Release|Any CPU.Build.0 = Release|Any CPU
		{59BBBAE2-4BCE-45AE-96B0-F59DFA24BEB7}.Debug|Any CPU.ActiveCfg = Debug|Any CPU
		{59BBBAE2-4BCE-45AE-96B0-F59DFA24BEB7}.Debug|Any CPU.Build.0 = Debug|Any CPU
		{59BBBAE2-4BCE-45AE-96B0-F59DFA24BEB7}.Release|Any CPU.ActiveCfg = Release|Any CPU
		{59BBBAE2-4BCE-45AE-96B0-F59DFA24BEB7}.Release|Any CPU.Build.0 = Release|Any CPU
	EndGlobalSection
	GlobalSection(SolutionProperties) = preSolution
		HideSolutionNode = FALSE
	EndGlobalSection
	GlobalSection(ExtensibilityGlobals) = postSolution
		SolutionGuid = {4474A4C1-4C39-4B82-AE79-3021EB1DB0D2}
	EndGlobalSection
EndGlobal
